// !$*UTF8*$!
{
	archiveVersion = 1;
	classes = {
	};
	objectVersion = 46;
	objects = {

/* Begin PBXBuildFile section */
		F137CCDC1EE44D6B007F9FC6 /* extensionUIFont.swift in Sources */ = {isa = PBXBuildFile; fileRef = F137CCDB1EE44D6B007F9FC6 /* extensionUIFont.swift */; };
		F19915C71EE40DF400879FCC /* AppDelegate.swift in Sources */ = {isa = PBXBuildFile; fileRef = F19915C61EE40DF400879FCC /* AppDelegate.swift */; };
		F19915C91EE40DF400879FCC /* MainViewController.swift in Sources */ = {isa = PBXBuildFile; fileRef = F19915C81EE40DF400879FCC /* MainViewController.swift */; };
		F19915CC1EE40DF400879FCC /* Main.storyboard in Resources */ = {isa = PBXBuildFile; fileRef = F19915CA1EE40DF400879FCC /* Main.storyboard */; };
		F19915CE1EE40DF400879FCC /* Assets.xcassets in Resources */ = {isa = PBXBuildFile; fileRef = F19915CD1EE40DF400879FCC /* Assets.xcassets */; };
		F19915D11EE40DF400879FCC /* LaunchScreen.storyboard in Resources */ = {isa = PBXBuildFile; fileRef = F19915CF1EE40DF400879FCC /* LaunchScreen.storyboard */; };
		F19915DC1EE40DF400879FCC /* Snap_1Tests.swift in Sources */ = {isa = PBXBuildFile; fileRef = F19915DB1EE40DF400879FCC /* Snap_1Tests.swift */; };
		F19915E81EE41BF000879FCC /* Action_Man.ttf in Resources */ = {isa = PBXBuildFile; fileRef = F19915E71EE41BF000879FCC /* Action_Man.ttf */; };
		F19915EA1EE41CD100879FCC /* extensionUIButton.swift in Sources */ = {isa = PBXBuildFile; fileRef = F19915E91EE41CD100879FCC /* extensionUIButton.swift */; };
		F19915EC1EE42CCD00879FCC /* HostViewController.swift in Sources */ = {isa = PBXBuildFile; fileRef = F19915EB1EE42CCD00879FCC /* HostViewController.swift */; };
/* End PBXBuildFile section */

/* Begin PBXContainerItemProxy section */
		F19915D81EE40DF400879FCC /* PBXContainerItemProxy */ = {
			isa = PBXContainerItemProxy;
			containerPortal = F19915BB1EE40DF400879FCC /* Project object */;
			proxyType = 1;
			remoteGlobalIDString = F19915C21EE40DF400879FCC;
			remoteInfo = Snap_1;
		};
/* End PBXContainerItemProxy section */

/* Begin PBXFileReference section */
		F137CCDB1EE44D6B007F9FC6 /* extensionUIFont.swift */ = {isa = PBXFileReference; fileEncoding = 4; lastKnownFileType = sourcecode.swift; path = extensionUIFont.swift; sourceTree = "<group>"; };
		F19915C31EE40DF400879FCC /* Snap_1.app */ = {isa = PBXFileReference; explicitFileType = wrapper.application; includeInIndex = 0; path = Snap_1.app; sourceTree = BUILT_PRODUCTS_DIR; };
		F19915C61EE40DF400879FCC /* AppDelegate.swift */ = {isa = PBXFileReference; lastKnownFileType = sourcecode.swift; path = AppDelegate.swift; sourceTree = "<group>"; };
		F19915C81EE40DF400879FCC /* MainViewController.swift */ = {isa = PBXFileReference; lastKnownFileType = sourcecode.swift; path = MainViewController.swift; sourceTree = "<group>"; };
		F19915CB1EE40DF400879FCC /* Base */ = {isa = PBXFileReference; lastKnownFileType = file.storyboard; name = Base; path = Base.lproj/Main.storyboard; sourceTree = "<group>"; };
		F19915CD1EE40DF400879FCC /* Assets.xcassets */ = {isa = PBXFileReference; lastKnownFileType = folder.assetcatalog; path = Assets.xcassets; sourceTree = "<group>"; };
		F19915D01EE40DF400879FCC /* Base */ = {isa = PBXFileReference; lastKnownFileType = file.storyboard; name = Base; path = Base.lproj/LaunchScreen.storyboard; sourceTree = "<group>"; };
		F19915D21EE40DF400879FCC /* Info.plist */ = {isa = PBXFileReference; lastKnownFileType = text.plist.xml; path = Info.plist; sourceTree = "<group>"; };
		F19915D71EE40DF400879FCC /* Snap_1Tests.xctest */ = {isa = PBXFileReference; explicitFileType = wrapper.cfbundle; includeInIndex = 0; path = Snap_1Tests.xctest; sourceTree = BUILT_PRODUCTS_DIR; };
		F19915DB1EE40DF400879FCC /* Snap_1Tests.swift */ = {isa = PBXFileReference; lastKnownFileType = sourcecode.swift; path = Snap_1Tests.swift; sourceTree = "<group>"; };
		F19915DD1EE40DF400879FCC /* Info.plist */ = {isa = PBXFileReference; lastKnownFileType = text.plist.xml; path = Info.plist; sourceTree = "<group>"; };
		F19915E71EE41BF000879FCC /* Action_Man.ttf */ = {isa = PBXFileReference; lastKnownFileType = file; path = Action_Man.ttf; sourceTree = "<group>"; };
		F19915E91EE41CD100879FCC /* extensionUIButton.swift */ = {isa = PBXFileReference; fileEncoding = 4; lastKnownFileType = sourcecode.swift; path = extensionUIButton.swift; sourceTree = "<group>"; };
		F19915EB1EE42CCD00879FCC /* HostViewController.swift */ = {isa = PBXFileReference; fileEncoding = 4; lastKnownFileType = sourcecode.swift; path = HostViewController.swift; sourceTree = "<group>"; };
/* End PBXFileReference section */

/* Begin PBXFrameworksBuildPhase section */
		F19915C01EE40DF400879FCC /* Frameworks */ = {
			isa = PBXFrameworksBuildPhase;
			buildActionMask = 2147483647;
			files = (
			);
			runOnlyForDeploymentPostprocessing = 0;
		};
		F19915D41EE40DF400879FCC /* Frameworks */ = {
			isa = PBXFrameworksBuildPhase;
			buildActionMask = 2147483647;
			files = (
			);
			runOnlyForDeploymentPostprocessing = 0;
		};
/* End PBXFrameworksBuildPhase section */

/* Begin PBXGroup section */
		F19915BA1EE40DF400879FCC = {
			isa = PBXGroup;
			children = (
				F19915C51EE40DF400879FCC /* Snap_1 */,
				F19915DA1EE40DF400879FCC /* Snap_1Tests */,
				F19915C41EE40DF400879FCC /* Products */,
			);
			sourceTree = "<group>";
		};
		F19915C41EE40DF400879FCC /* Products */ = {
			isa = PBXGroup;
			children = (
				F19915C31EE40DF400879FCC /* Snap_1.app */,
				F19915D71EE40DF400879FCC /* Snap_1Tests.xctest */,
			);
			name = Products;
			sourceTree = "<group>";
		};
		F19915C51EE40DF400879FCC /* Snap_1 */ = {
			isa = PBXGroup;
			children = (
				F19915C61EE40DF400879FCC /* AppDelegate.swift */,
				F19915CA1EE40DF400879FCC /* Main.storyboard */,
				F19915CF1EE40DF400879FCC /* LaunchScreen.storyboard */,
				F19915C81EE40DF400879FCC /* MainViewController.swift */,
				F19915EB1EE42CCD00879FCC /* HostViewController.swift */,
				F19915CD1EE40DF400879FCC /* Assets.xcassets */,
				F19915D21EE40DF400879FCC /* Info.plist */,
				F137CCDB1EE44D6B007F9FC6 /* extensionUIFont.swift */,
				F19915E91EE41CD100879FCC /* extensionUIButton.swift */,
				F19915E61EE4186700879FCC /* Supporting Files */,
			);
			path = Snap_1;
			sourceTree = "<group>";
		};
		F19915DA1EE40DF400879FCC /* Snap_1Tests */ = {
			isa = PBXGroup;
			children = (
				F19915DB1EE40DF400879FCC /* Snap_1Tests.swift */,
				F19915DD1EE40DF400879FCC /* Info.plist */,
			);
			path = Snap_1Tests;
			sourceTree = "<group>";
		};
		F19915E61EE4186700879FCC /* Supporting Files */ = {
			isa = PBXGroup;
			children = (
				F19915E71EE41BF000879FCC /* Action_Man.ttf */,
			);
			path = "Supporting Files";
			sourceTree = "<group>";
		};
/* End PBXGroup section */

/* Begin PBXNativeTarget section */
		F19915C21EE40DF400879FCC /* Snap_1 */ = {
			isa = PBXNativeTarget;
			buildConfigurationList = F19915E01EE40DF400879FCC /* Build configuration list for PBXNativeTarget "Snap_1" */;
			buildPhases = (
				F19915BF1EE40DF400879FCC /* Sources */,
				F19915C01EE40DF400879FCC /* Frameworks */,
				F19915C11EE40DF400879FCC /* Resources */,
			);
			buildRules = (
			);
			dependencies = (
			);
			name = Snap_1;
			productName = Snap_1;
			productReference = F19915C31EE40DF400879FCC /* Snap_1.app */;
			productType = "com.apple.product-type.application";
		};
		F19915D61EE40DF400879FCC /* Snap_1Tests */ = {
			isa = PBXNativeTarget;
			buildConfigurationList = F19915E31EE40DF400879FCC /* Build configuration list for PBXNativeTarget "Snap_1Tests" */;
			buildPhases = (
				F19915D31EE40DF400879FCC /* Sources */,
				F19915D41EE40DF400879FCC /* Frameworks */,
				F19915D51EE40DF400879FCC /* Resources */,
			);
			buildRules = (
			);
			dependencies = (
				F19915D91EE40DF400879FCC /* PBXTargetDependency */,
			);
			name = Snap_1Tests;
			productName = Snap_1Tests;
			productReference = F19915D71EE40DF400879FCC /* Snap_1Tests.xctest */;
			productType = "com.apple.product-type.bundle.unit-test";
		};
/* End PBXNativeTarget section */

/* Begin PBXProject section */
		F19915BB1EE40DF400879FCC /* Project object */ = {
			isa = PBXProject;
			attributes = {
				LastSwiftUpdateCheck = 0830;
				LastUpgradeCheck = 0830;
				ORGANIZATIONNAME = "Rose Cottage Industry";
				TargetAttributes = {
					F19915C21EE40DF400879FCC = {
						CreatedOnToolsVersion = 8.3.2;
						DevelopmentTeam = 27QRRWZMS6;
						ProvisioningStyle = Automatic;
					};
					F19915D61EE40DF400879FCC = {
						CreatedOnToolsVersion = 8.3.2;
						DevelopmentTeam = 27QRRWZMS6;
						ProvisioningStyle = Automatic;
						TestTargetID = F19915C21EE40DF400879FCC;
					};
				};
			};
			buildConfigurationList = F19915BE1EE40DF400879FCC /* Build configuration list for PBXProject "Snap_1" */;
			compatibilityVersion = "Xcode 3.2";
			developmentRegion = English;
			hasScannedForEncodings = 0;
			knownRegions = (
				en,
				Base,
			);
			mainGroup = F19915BA1EE40DF400879FCC;
			productRefGroup = F19915C41EE40DF400879FCC /* Products */;
			projectDirPath = "";
			projectRoot = "";
			targets = (
				F19915C21EE40DF400879FCC /* Snap_1 */,
				F19915D61EE40DF400879FCC /* Snap_1Tests */,
			);
		};
/* End PBXProject section */

/* Begin PBXResourcesBuildPhase section */
		F19915C11EE40DF400879FCC /* Resources */ = {
			isa = PBXResourcesBuildPhase;
			buildActionMask = 2147483647;
			files = (
				F19915D11EE40DF400879FCC /* LaunchScreen.storyboard in Resources */,
				F19915CE1EE40DF400879FCC /* Assets.xcassets in Resources */,
				F19915CC1EE40DF400879FCC /* Main.storyboard in Resources */,
				F19915E81EE41BF000879FCC /* Action_Man.ttf in Resources */,
			);
			runOnlyForDeploymentPostprocessing = 0;
		};
		F19915D51EE40DF400879FCC /* Resources */ = {
			isa = PBXResourcesBuildPhase;
			buildActionMask = 2147483647;
			files = (
			);
			runOnlyForDeploymentPostprocessing = 0;
		};
/* End PBXResourcesBuildPhase section */

/* Begin PBXSourcesBuildPhase section */
		F19915BF1EE40DF400879FCC /* Sources */ = {
			isa = PBXSourcesBuildPhase;
			buildActionMask = 2147483647;
			files = (
				F19915EC1EE42CCD00879FCC /* HostViewController.swift in Sources */,
				F19915C91EE40DF400879FCC /* MainViewController.swift in Sources */,
				F19915EA1EE41CD100879FCC /* extensionUIButton.swift in Sources */,
				F19915C71EE40DF400879FCC /* AppDelegate.swift in Sources */,
				F137CCDC1EE44D6B007F9FC6 /* extensionUIFont.swift in Sources */,
			);
			runOnlyForDeploymentPostprocessing = 0;
		};
		F19915D31EE40DF400879FCC /* Sources */ = {
			isa = PBXSourcesBuildPhase;
			buildActionMask = 2147483647;
			files = (
				F19915DC1EE40DF400879FCC /* Snap_1Tests.swift in Sources */,
			);
			runOnlyForDeploymentPostprocessing = 0;
		};
/* End PBXSourcesBuildPhase section */

/* Begin PBXTargetDependency section */
		F19915D91EE40DF400879FCC /* PBXTargetDependency */ = {
			isa = PBXTargetDependency;
			target = F19915C21EE40DF400879FCC /* Snap_1 */;
			targetProxy = F19915D81EE40DF400879FCC /* PBXContainerItemProxy */;
		};
/* End PBXTargetDependency section */

/* Begin PBXVariantGroup section */
		F19915CA1EE40DF400879FCC /* Main.storyboard */ = {
			isa = PBXVariantGroup;
			children = (
				F19915CB1EE40DF400879FCC /* Base */,
			);
			name = Main.storyboard;
			sourceTree = "<group>";
		};
		F19915CF1EE40DF400879FCC /* LaunchScreen.storyboard */ = {
			isa = PBXVariantGroup;
			children = (
				F19915D01EE40DF400879FCC /* Base */,
			);
			name = LaunchScreen.storyboard;
			sourceTree = "<group>";
		};
/* End PBXVariantGroup section */

/* Begin XCBuildConfiguration section */
		F19915DE1EE40DF400879FCC /* Debug */ = {
			isa = XCBuildConfiguration;
			buildSettings = {
				ALWAYS_SEARCH_USER_PATHS = NO;
				CLANG_ANALYZER_NONNULL = YES;
				CLANG_ANALYZER_NUMBER_OBJECT_CONVERSION = YES_AGGRESSIVE;
				CLANG_CXX_LANGUAGE_STANDARD = "gnu++0x";
				CLANG_CXX_LIBRARY = "libc++";
				CLANG_ENABLE_MODULES = YES;
				CLANG_ENABLE_OBJC_ARC = YES;
				CLANG_WARN_BOOL_CONVERSION = YES;
				CLANG_WARN_CONSTANT_CONVERSION = YES;
				CLANG_WARN_DIRECT_OBJC_ISA_USAGE = YES_ERROR;
				CLANG_WARN_DOCUMENTATION_COMMENTS = YES;
				CLANG_WARN_EMPTY_BODY = YES;
				CLANG_WARN_ENUM_CONVERSION = YES;
				CLANG_WARN_INFINITE_RECURSION = YES;
				CLANG_WARN_INT_CONVERSION = YES;
				CLANG_WARN_OBJC_ROOT_CLASS = YES_ERROR;
				CLANG_WARN_SUSPICIOUS_MOVE = YES;
				CLANG_WARN_UNREACHABLE_CODE = YES;
				CLANG_WARN__DUPLICATE_METHOD_MATCH = YES;
				"CODE_SIGN_IDENTITY[sdk=iphoneos*]" = "iPhone Developer";
				COPY_PHASE_STRIP = NO;
				DEBUG_INFORMATION_FORMAT = dwarf;
				ENABLE_STRICT_OBJC_MSGSEND = YES;
				ENABLE_TESTABILITY = YES;
				GCC_C_LANGUAGE_STANDARD = gnu99;
				GCC_DYNAMIC_NO_PIC = NO;
				GCC_NO_COMMON_BLOCKS = YES;
				GCC_OPTIMIZATION_LEVEL = 0;
				GCC_PREPROCESSOR_DEFINITIONS = (
					"DEBUG=1",
					"$(inherited)",
				);
				GCC_WARN_64_TO_32_BIT_CONVERSION = YES;
				GCC_WARN_ABOUT_RETURN_TYPE = YES_ERROR;
				GCC_WARN_UNDECLARED_SELECTOR = YES;
				GCC_WARN_UNINITIALIZED_AUTOS = YES_AGGRESSIVE;
				GCC_WARN_UNUSED_FUNCTION = YES;
				GCC_WARN_UNUSED_VARIABLE = YES;
				IPHONEOS_DEPLOYMENT_TARGET = 10.3;
				MTL_ENABLE_DEBUG_INFO = YES;
				ONLY_ACTIVE_ARCH = YES;
				SDKROOT = iphoneos;
				SWIFT_ACTIVE_COMPILATION_CONDITIONS = DEBUG;
				SWIFT_OPTIMIZATION_LEVEL = "-Onone";
				TARGETED_DEVICE_FAMILY = "1,2";
			};
			name = Debug;
		};
		F19915DF1EE40DF400879FCC /* Release */ = {
			isa = XCBuildConfiguration;
			buildSettings = {
				ALWAYS_SEARCH_USER_PATHS = NO;
				CLANG_ANALYZER_NONNULL = YES;
				CLANG_ANALYZER_NUMBER_OBJECT_CONVERSION = YES_AGGRESSIVE;
				CLANG_CXX_LANGUAGE_STANDARD = "gnu++0x";
				CLANG_CXX_LIBRARY = "libc++";
				CLANG_ENABLE_MODULES = YES;
				CLANG_ENABLE_OBJC_ARC = YES;
				CLANG_WARN_BOOL_CONVERSION = YES;
				CLANG_WARN_CONSTANT_CONVERSION = YES;
				CLANG_WARN_DIRECT_OBJC_ISA_USAGE = YES_ERROR;
				CLANG_WARN_DOCUMENTATION_COMMENTS = YES;
				CLANG_WARN_EMPTY_BODY = YES;
				CLANG_WARN_ENUM_CONVERSION = YES;
				CLANG_WARN_INFINITE_RECURSION = YES;
				CLANG_WARN_INT_CONVERSION = YES;
				CLANG_WARN_OBJC_ROOT_CLASS = YES_ERROR;
				CLANG_WARN_SUSPICIOUS_MOVE = YES;
				CLANG_WARN_UNREACHABLE_CODE = YES;
				CLANG_WARN__DUPLICATE_METHOD_MATCH = YES;
				"CODE_SIGN_IDENTITY[sdk=iphoneos*]" = "iPhone Developer";
				COPY_PHASE_STRIP = NO;
				DEBUG_INFORMATION_FORMAT = "dwarf-with-dsym";
				ENABLE_NS_ASSERTIONS = NO;
				ENABLE_STRICT_OBJC_MSGSEND = YES;
				GCC_C_LANGUAGE_STANDARD = gnu99;
				GCC_NO_COMMON_BLOCKS = YES;
				GCC_WARN_64_TO_32_BIT_CONVERSION = YES;
				GCC_WARN_ABOUT_RETURN_TYPE = YES_ERROR;
				GCC_WARN_UNDECLARED_SELECTOR = YES;
				GCC_WARN_UNINITIALIZED_AUTOS = YES_AGGRESSIVE;
				GCC_WARN_UNUSED_FUNCTION = YES;
				GCC_WARN_UNUSED_VARIABLE = YES;
				IPHONEOS_DEPLOYMENT_TARGET = 10.3;
				MTL_ENABLE_DEBUG_INFO = NO;
				SDKROOT = iphoneos;
				SWIFT_OPTIMIZATION_LEVEL = "-Owholemodule";
				TARGETED_DEVICE_FAMILY = "1,2";
				VALIDATE_PRODUCT = YES;
			};
			name = Release;
		};
		F19915E11EE40DF400879FCC /* Debug */ = {
			isa = XCBuildConfiguration;
			buildSettings = {
				ASSETCATALOG_COMPILER_APPICON_NAME = AppIcon;
				DEVELOPMENT_TEAM = 27QRRWZMS6;
				INFOPLIST_FILE = Snap_1/Info.plist;
				LD_RUNPATH_SEARCH_PATHS = "$(inherited) @executable_path/Frameworks";
				PRODUCT_BUNDLE_IDENTIFIER = "com.vjosullivan.Snap-1";
				PRODUCT_NAME = "$(TARGET_NAME)";
				SWIFT_VERSION = 3.0;
			};
			name = Debug;
		};
		F19915E21EE40DF400879FCC /* Release */ = {
			isa = XCBuildConfiguration;
			buildSettings = {
				ASSETCATALOG_COMPILER_APPICON_NAME = AppIcon;
				DEVELOPMENT_TEAM = 27QRRWZMS6;
				INFOPLIST_FILE = Snap_1/Info.plist;
				LD_RUNPATH_SEARCH_PATHS = "$(inherited) @executable_path/Frameworks";
				PRODUCT_BUNDLE_IDENTIFIER = "com.vjosullivan.Snap-1";
				PRODUCT_NAME = "$(TARGET_NAME)";
				SWIFT_VERSION = 3.0;
			};
			name = Release;
		};
		F19915E41EE40DF400879FCC /* Debug */ = {
			isa = XCBuildConfiguration;
			buildSettings = {
				ALWAYS_EMBED_SWIFT_STANDARD_LIBRARIES = YES;
				BUNDLE_LOADER = "$(TEST_HOST)";
				DEVELOPMENT_TEAM = 27QRRWZMS6;
				INFOPLIST_FILE = Snap_1Tests/Info.plist;
				LD_RUNPATH_SEARCH_PATHS = "$(inherited) @executable_path/Frameworks @loader_path/Frameworks";
				PRODUCT_BUNDLE_IDENTIFIER = "com.vjosullivan.Snap-1Tests";
				PRODUCT_NAME = "$(TARGET_NAME)";
				SWIFT_VERSION = 3.0;
				TEST_HOST = "$(BUILT_PRODUCTS_DIR)/Snap_1.app/Snap_1";
			};
			name = Debug;
		};
		F19915E51EE40DF400879FCC /* Release */ = {
			isa = XCBuildConfiguration;
			buildSettings = {
				ALWAYS_EMBED_SWIFT_STANDARD_LIBRARIES = YES;
				BUNDLE_LOADER = "$(TEST_HOST)";
				DEVELOPMENT_TEAM = 27QRRWZMS6;
				INFOPLIST_FILE = Snap_1Tests/Info.plist;
				LD_RUNPATH_SEARCH_PATHS = "$(inherited) @executable_path/Frameworks @loader_path/Frameworks";
				PRODUCT_BUNDLE_IDENTIFIER = "com.vjosullivan.Snap-1Tests";
				PRODUCT_NAME = "$(TARGET_NAME)";
				SWIFT_VERSION = 3.0;
				TEST_HOST = "$(BUILT_PRODUCTS_DIR)/Snap_1.app/Snap_1";
			};
			name = Release;
		};
/* End XCBuildConfiguration section */

/* Begin XCConfigurationList section */
		F19915BE1EE40DF400879FCC /* Build configuration list for PBXProject "Snap_1" */ = {
			isa = XCConfigurationList;
			buildConfigurations = (
				F19915DE1EE40DF400879FCC /* Debug */,
				F19915DF1EE40DF400879FCC /* Release */,
			);
			defaultConfigurationIsVisible = 0;
			defaultConfigurationName = Release;
		};
		F19915E01EE40DF400879FCC /* Build configuration list for PBXNativeTarget "Snap_1" */ = {
			isa = XCConfigurationList;
			buildConfigurations = (
				F19915E11EE40DF400879FCC /* Debug */,
				F19915E21EE40DF400879FCC /* Release */,
			);
			defaultConfigurationIsVisible = 0;
			defaultConfigurationName = Release;
		};
		F19915E31EE40DF400879FCC /* Build configuration list for PBXNativeTarget "Snap_1Tests" */ = {
			isa = XCConfigurationList;
			buildConfigurations = (
				F19915E41EE40DF400879FCC /* Debug */,
				F19915E51EE40DF400879FCC /* Release */,
			);
			defaultConfigurationIsVisible = 0;
			defaultConfigurationName = Release;
		};
/* End XCConfigurationList section */
	};
	rootObject = F19915BB1EE40DF400879FCC /* Project object */;
}
